PODS:
  - QCloudCore (6.0.2):
    - QCloudCore/Default (= 6.0.2)
  - QCloudCore/Default (6.0.2)
  - QCloudCOSXML (6.0.2):
    - QCloudCOSXML/Default (= 6.0.2)
  - QCloudCOSXML/Default (6.0.2):
    - QCloudCore (= 6.0.2)

DEPENDENCIES:
  - QCloudCore (from `.`)
  - QCloudCOSXML (from `.`)

EXTERNAL SOURCES:
  QCloudCore:
    :path: "."
  QCloudCOSXML:
    :path: "."

SPEC CHECKSUMS:
  QCloudCore: be2aedee9302463b96766b32c654fb61580470dd
  QCloudCOSXML: 47f96d5e16ddaa17f961c49a3ef056d7279d6cc3

PODFILE CHECKSUM: 384b99448c6c2fa2f931b43a3eacbd13f1ec5751

COCOAPODS: 1.10.2
